# This is the index into node_positions set
# to determine the node which sets the zero coordinate of the structure
offset_node_index: 4

# List of all nodes in the structure
# Values correspond to x,y,z in meters

node_positions:
  - position: [6096.0,-880.0,0.0]
  - position: [5334.0,440.0,0.0]
  - position: [6858.0,440.0,0.0]
  - position: [4572.0,1760.0,0.0]
  - position: [6096.0,1760.0,0.0]
  - position: [7620.0,1760.0,0.0]
  - position: [3810.0,3080.0,0.0]
  - position: [5334.0,3080.0,0.0]
  - position: [6858.0,3080.0,0.0]
  - position: [8382.0,3080.0,0.0]
  - position: [5334.0,-1320.0,1244.0]
  - position: [6858.0,-1320.0,1244.0]
  - position: [4572.0,0.0,1244.0]
  - position: [6096.0,0.0,1244.0]
  - position: [7620.0,0.0,1244.0]
  - position: [3810.0,1320.0,1244.0]
  - position: [5334.0,1320.0,1244.0]
  - position: [6858.0,1320.0,1244.0]
  - position: [8382.0,1320.0,1244.0]
  - position: [3048.0,2640.0,1244.0]
  - position: [4572.0,2640.0,1244.0]
  - position: [6096.0,2640.0,1244.0]
  - position: [7620.0,2640.0,1244.0]
  - position: [9144.0,2640.0,1244.0]
  - position: [3810.0,3959.0,1244.0]
  - position: [5334.0,3959.0,1244.0]
  - position: [6858.0,3959.0,1244.0]
  - position: [8382.0,3959.0,1244.0]
  - position: [4572.0,-1760.0,2489.0]
  - position: [6096.0,-1760.0,2489.0]
  - position: [7620.0,-1760.0,2489.0]
  - position: [3810.0,-440.0,2489.0]
  - position: [5334.0,-440.0,2489.0]
  - position: [6858.0,-440.0,2489.0]
  - position: [8382.0,-440.0,2489.0]
  - position: [3048.0,880.0,2489.0]
  - position: [4572.0,880.0,2489.0]
  - position: [6096.0,880.0,2489.0]
  - position: [7620.0,880.0,2489.0]
  - position: [9144.0,880.0,2489.0]
  - position: [2286.0,2200.0,2489.0]
  - position: [3810.0,2200.0,2489.0]
  - position: [5334.0,2200.0,2489.0]
  - position: [6858.0,2200.0,2489.0]
  - position: [8382.0,2200.0,2489.0]
  - position: [9906.0,2200.0,2489.0]
  - position: [3048.0,3519.0,2489.0]
  - position: [4572.0,3519.0,2489.0]
  - position: [6096.0,3519.0,2489.0]
  - position: [7620.0,3519.0,2489.0]
  - position: [9144.0,3519.0,2489.0]
  - position: [3810.0,4839.0,2489.0]
  - position: [5334.0,4839.0,2489.0]
  - position: [6858.0,4839.0,2489.0]
  - position: [8382.0,4839.0,2489.0]
  - position: [3810.0,-2200.0,3733.0]
  - position: [5334.0,-2200.0,3733.0]
  - position: [6858.0,-2200.0,3733.0]
  - position: [8382.0,-2200.0,3733.0]
  - position: [3048.0,-880.0,3733.0]
  - position: [4572.0,-880.0,3733.0]
  - position: [6096.0,-880.0,3733.0]
  - position: [7620.0,-880.0,3733.0]
  - position: [9144.0,-880.0,3733.0]
  - position: [2286.0,440.0,3733.0]
  - position: [3810.0,440.0,3733.0]
  - position: [5334.0,440.0,3733.0]
  - position: [6858.0,440.0,3733.0]
  - position: [8382.0,440.0,3733.0]
  - position: [9906.0,440.0,3733.0]
  - position: [1524.0,1760.0,3733.0]
  - position: [3048.0,1760.0,3733.0]
  - position: [4572.0,1760.0,3733.0]
  - position: [6096.0,1760.0,3733.0]
  - position: [7620.0,1760.0,3733.0]
  - position: [9144.0,1760.0,3733.0]
  - position: [10668.0,1760.0,3733.0]
  - position: [2286.0,3080.0,3733.0]
  - position: [3810.0,3080.0,3733.0]
  - position: [5334.0,3080.0,3733.0]
  - position: [6858.0,3080.0,3733.0]
  - position: [8382.0,3080.0,3733.0]
  - position: [9906.0,3080.0,3733.0]
  - position: [3048.0,4399.0,3733.0]
  - position: [4572.0,4399.0,3733.0]
  - position: [6096.0,4399.0,3733.0]
  - position: [7620.0,4399.0,3733.0]
  - position: [9144.0,4399.0,3733.0]
  - position: [3810.0,5719.0,3733.0]
  - position: [5334.0,5719.0,3733.0]
  - position: [6858.0,5719.0,3733.0]
  - position: [8382.0,5719.0,3733.0]
  - position: [3810.0,-1320.0,4977.0]
  - position: [8382.0,-1320.0,4977.0]
  - position: [3048.0,0.0,4977.0]
  - position: [4572.0,0.0,4977.0]
  - position: [7620.0,0.0,4977.0]
  - position: [9144.0,0.0,4977.0]
  - position: [2286.0,1320.0,4977.0]
  - position: [3810.0,1320.0,4977.0]
  - position: [5334.0,1320.0,4977.0]
  - position: [6858.0,1320.0,4977.0]
  - position: [8382.0,1320.0,4977.0]
  - position: [9906.0,1320.0,4977.0]
  - position: [6096.0,2640.0,4977.0]
  - position: [5334.0,3959.0,4977.0]
  - position: [6858.0,3959.0,4977.0]
  - position: [4572.0,5279.0,4977.0]
  - position: [6096.0,5279.0,4977.0]
  - position: [7620.0,5279.0,4977.0]
  - position: [3810.0,-440.0,6222.0]
  - position: [8382.0,-440.0,6222.0]
  - position: [3048.0,880.0,6222.0]
  - position: [4572.0,880.0,6222.0]
  - position: [6096.0,880.0,6222.0]
  - position: [7620.0,880.0,6222.0]
  - position: [9144.0,880.0,6222.0]
  - position: [5334.0,2200.0,6222.0]
  - position: [6858.0,2200.0,6222.0]
  - position: [6096.0,3519.0,6222.0]
  - position: [5334.0,4839.0,6222.0]
  - position: [6858.0,4839.0,6222.0]
  - position: [3810.0,440.0,7466.0]
  - position: [5334.0,440.0,7466.0]
  - position: [6858.0,440.0,7466.0]
  - position: [8382.0,440.0,7466.0]
  - position: [4572.0,1760.0,7466.0]
  - position: [7620.0,1760.0,7466.0]
  - position: [5334.0,3080.0,7466.0]
  - position: [6858.0,3080.0,7466.0]
  - position: [6096.0,4399.0,7466.0]

# List of all beams in the structure
# List correspond to pairs of indices of nodes
# nodes: [0, 1] constructs a beam from node 0 to node 1
beams:
  - nodes: [0,1]
  - nodes: [0,2]
  - nodes: [1,2]
  - nodes: [1,3]
  - nodes: [1,4]
  - nodes: [2,4]
  - nodes: [2,5]
  - nodes: [3,4]
  - nodes: [4,5]
  - nodes: [3,6]
  - nodes: [3,7]
  - nodes: [4,7]
  - nodes: [4,8]
  - nodes: [5,8]
  - nodes: [5,9]
  - nodes: [6,7]
  - nodes: [7,8]
  - nodes: [8,9]
  - nodes: [0,10]
  - nodes: [0,11]
  - nodes: [0,13]
  - nodes: [1,12]
  - nodes: [1,13]
  - nodes: [2,13]
  - nodes: [2,14]
  - nodes: [1,16]
  - nodes: [2,17]
  - nodes: [3,15]
  - nodes: [3,16]
  - nodes: [5,17]
  - nodes: [5,18]
  - nodes: [3,20]
  - nodes: [5,22]
  - nodes: [6,19]
  - nodes: [6,20]
  - nodes: [7,20]
  - nodes: [7,21]
  - nodes: [8,21]
  - nodes: [8,22]
  - nodes: [9,22]
  - nodes: [9,23]
  - nodes: [6,24]
  - nodes: [7,25]
  - nodes: [8,26]
  - nodes: [9,27]
  - nodes: [10,11]
  - nodes: [10,12]
  - nodes: [10,13]
  - nodes: [11,13]
  - nodes: [11,14]
  - nodes: [12,13]
  - nodes: [13,14]
  - nodes: [12,15]
  - nodes: [12,16]
  - nodes: [13,16]
  - nodes: [13,17]
  - nodes: [14,17]
  - nodes: [14,18]
  - nodes: [15,16]
  - nodes: [17,18]
  - nodes: [15,19]
  - nodes: [15,20]
  - nodes: [16,20]
  - nodes: [17,22]
  - nodes: [18,22]
  - nodes: [18,23]
  - nodes: [19,20]
  - nodes: [20,21]
  - nodes: [21,22]
  - nodes: [22,23]
  - nodes: [19,24]
  - nodes: [20,24]
  - nodes: [20,25]
  - nodes: [21,25]
  - nodes: [21,26]
  - nodes: [22,26]
  - nodes: [22,27]
  - nodes: [23,27]
  - nodes: [24,25]
  - nodes: [25,26]
  - nodes: [26,27]
  - nodes: [10,28]
  - nodes: [10,29]
  - nodes: [11,29]
  - nodes: [11,30]
  - nodes: [10,32]
  - nodes: [11,33]
  - nodes: [12,31]
  - nodes: [12,32]
  - nodes: [13,32]
  - nodes: [13,33]
  - nodes: [14,33]
  - nodes: [14,34]
  - nodes: [12,36]
  - nodes: [13,37]
  - nodes: [14,38]
  - nodes: [15,35]
  - nodes: [15,36]
  - nodes: [16,36]
  - nodes: [16,37]
  - nodes: [17,37]
  - nodes: [17,38]
  - nodes: [18,38]
  - nodes: [18,39]
  - nodes: [15,41]
  - nodes: [16,42]
  - nodes: [17,43]
  - nodes: [18,44]
  - nodes: [19,40]
  - nodes: [19,41]
  - nodes: [20,41]
  - nodes: [20,42]
  - nodes: [21,42]
  - nodes: [21,43]
  - nodes: [22,43]
  - nodes: [22,44]
  - nodes: [23,44]
  - nodes: [23,45]
  - nodes: [19,46]
  - nodes: [20,47]
  - nodes: [21,48]
  - nodes: [22,49]
  - nodes: [23,50]
  - nodes: [24,46]
  - nodes: [24,47]
  - nodes: [25,47]
  - nodes: [25,48]
  - nodes: [26,48]
  - nodes: [26,49]
  - nodes: [27,49]
  - nodes: [27,50]
  - nodes: [24,51]
  - nodes: [25,52]
  - nodes: [26,53]
  - nodes: [27,54]
  - nodes: [28,29]
  - nodes: [29,30]
  - nodes: [28,31]
  - nodes: [28,32]
  - nodes: [29,32]
  - nodes: [29,33]
  - nodes: [30,33]
  - nodes: [30,34]
  - nodes: [31,32]
  - nodes: [32,33]
  - nodes: [33,34]
  - nodes: [31,35]
  - nodes: [31,36]
  - nodes: [32,36]
  - nodes: [32,37]
  - nodes: [33,37]
  - nodes: [33,38]
  - nodes: [34,38]
  - nodes: [34,39]
  - nodes: [35,36]
  - nodes: [36,37]
  - nodes: [37,38]
  - nodes: [38,39]
  - nodes: [35,40]
  - nodes: [35,41]
  - nodes: [36,41]
  - nodes: [36,42]
  - nodes: [37,42]
  - nodes: [37,43]
  - nodes: [38,43]
  - nodes: [38,44]
  - nodes: [39,44]
  - nodes: [39,45]
  - nodes: [40,41]
  - nodes: [41,42]
  - nodes: [42,43]
  - nodes: [43,44]
  - nodes: [44,45]
  - nodes: [40,46]
  - nodes: [41,46]
  - nodes: [41,47]
  - nodes: [42,47]
  - nodes: [42,48]
  - nodes: [43,48]
  - nodes: [43,49]
  - nodes: [44,49]
  - nodes: [44,50]
  - nodes: [45,50]
  - nodes: [46,47]
  - nodes: [47,48]
  - nodes: [48,49]
  - nodes: [49,50]
  - nodes: [46,51]
  - nodes: [47,51]
  - nodes: [47,52]
  - nodes: [48,52]
  - nodes: [48,53]
  - nodes: [49,53]
  - nodes: [49,54]
  - nodes: [50,54]
  - nodes: [51,52]
  - nodes: [52,53]
  - nodes: [53,54]
  - nodes: [28,55]
  - nodes: [28,56]
  - nodes: [29,56]
  - nodes: [29,57]
  - nodes: [30,57]
  - nodes: [30,58]
  - nodes: [28,60]
  - nodes: [29,61]
  - nodes: [30,62]
  - nodes: [31,59]
  - nodes: [31,60]
  - nodes: [32,60]
  - nodes: [32,61]
  - nodes: [33,61]
  - nodes: [33,62]
  - nodes: [34,62]
  - nodes: [34,63]
  - nodes: [31,65]
  - nodes: [32,66]
  - nodes: [33,67]
  - nodes: [34,68]
  - nodes: [35,64]
  - nodes: [35,65]
  - nodes: [36,65]
  - nodes: [36,66]
  - nodes: [37,66]
  - nodes: [37,67]
  - nodes: [38,67]
  - nodes: [38,68]
  - nodes: [39,68]
  - nodes: [39,69]
  - nodes: [35,71]
  - nodes: [36,72]
  - nodes: [37,73]
  - nodes: [38,74]
  - nodes: [39,75]
  - nodes: [40,70]
  - nodes: [40,71]
  - nodes: [41,71]
  - nodes: [41,72]
  - nodes: [42,72]
  - nodes: [42,73]
  - nodes: [43,73]
  - nodes: [43,74]
  - nodes: [44,74]
  - nodes: [44,75]
  - nodes: [45,75]
  - nodes: [45,76]
  - nodes: [40,77]
  - nodes: [41,78]
  - nodes: [42,79]
  - nodes: [43,80]
  - nodes: [44,81]
  - nodes: [45,82]
  - nodes: [46,77]
  - nodes: [46,78]
  - nodes: [47,78]
  - nodes: [47,79]
  - nodes: [48,79]
  - nodes: [48,80]
  - nodes: [49,80]
  - nodes: [49,81]
  - nodes: [50,81]
  - nodes: [50,82]
  - nodes: [46,83]
  - nodes: [47,84]
  - nodes: [48,85]
  - nodes: [49,86]
  - nodes: [50,87]
  - nodes: [51,83]
  - nodes: [51,84]
  - nodes: [52,84]
  - nodes: [52,85]
  - nodes: [53,85]
  - nodes: [53,86]
  - nodes: [54,86]
  - nodes: [54,87]
  - nodes: [51,88]
  - nodes: [52,89]
  - nodes: [53,90]
  - nodes: [54,91]
  - nodes: [55,56]
  - nodes: [56,57]
  - nodes: [57,58]
  - nodes: [55,59]
  - nodes: [55,60]
  - nodes: [56,60]
  - nodes: [56,61]
  - nodes: [57,61]
  - nodes: [57,62]
  - nodes: [58,62]
  - nodes: [58,63]
  - nodes: [59,60]
  - nodes: [60,61]
  - nodes: [61,62]
  - nodes: [62,63]
  - nodes: [59,64]
  - nodes: [59,65]
  - nodes: [60,65]
  - nodes: [60,66]
  - nodes: [61,66]
  - nodes: [61,67]
  - nodes: [62,67]
  - nodes: [62,68]
  - nodes: [63,68]
  - nodes: [63,69]
  - nodes: [64,65]
  - nodes: [65,66]
  - nodes: [66,67]
  - nodes: [67,68]
  - nodes: [68,69]
  - nodes: [64,70]
  - nodes: [64,71]
  - nodes: [65,71]
  - nodes: [65,72]
  - nodes: [66,72]
  - nodes: [66,73]
  - nodes: [67,73]
  - nodes: [67,74]
  - nodes: [68,74]
  - nodes: [68,75]
  - nodes: [69,75]
  - nodes: [69,76]
  - nodes: [70,71]
  - nodes: [71,72]
  - nodes: [72,73]
  - nodes: [73,74]
  - nodes: [74,75]
  - nodes: [75,76]
  - nodes: [70,77]
  - nodes: [71,77]
  - nodes: [71,78]
  - nodes: [72,78]
  - nodes: [72,79]
  - nodes: [73,79]
  - nodes: [73,80]
  - nodes: [74,80]
  - nodes: [74,81]
  - nodes: [75,81]
  - nodes: [75,82]
  - nodes: [76,82]
  - nodes: [77,78]
  - nodes: [78,79]
  - nodes: [79,80]
  - nodes: [80,81]
  - nodes: [81,82]
  - nodes: [77,83]
  - nodes: [78,83]
  - nodes: [78,84]
  - nodes: [79,84]
  - nodes: [79,85]
  - nodes: [80,85]
  - nodes: [80,86]
  - nodes: [81,86]
  - nodes: [81,87]
  - nodes: [82,87]
  - nodes: [83,84]
  - nodes: [84,85]
  - nodes: [85,86]
  - nodes: [86,87]
  - nodes: [83,88]
  - nodes: [84,88]
  - nodes: [84,89]
  - nodes: [85,89]
  - nodes: [85,90]
  - nodes: [86,90]
  - nodes: [86,91]
  - nodes: [87,91]
  - nodes: [88,89]
  - nodes: [89,90]
  - nodes: [90,91]
  - nodes: [55,92]
  - nodes: [58,93]
  - nodes: [59,92]
  - nodes: [60,92]
  - nodes: [62,93]
  - nodes: [63,93]
  - nodes: [59,94]
  - nodes: [60,95]
  - nodes: [62,96]
  - nodes: [63,97]
  - nodes: [64,94]
  - nodes: [65,94]
  - nodes: [65,95]
  - nodes: [66,95]
  - nodes: [67,96]
  - nodes: [68,96]
  - nodes: [68,97]
  - nodes: [69,97]
  - nodes: [64,98]
  - nodes: [65,99]
  - nodes: [66,100]
  - nodes: [67,101]
  - nodes: [68,102]
  - nodes: [69,103]
  - nodes: [70,98]
  - nodes: [71,98]
  - nodes: [71,99]
  - nodes: [72,99]
  - nodes: [72,100]
  - nodes: [73,100]
  - nodes: [73,101]
  - nodes: [74,101]
  - nodes: [74,102]
  - nodes: [75,102]
  - nodes: [75,103]
  - nodes: [76,103]
  - nodes: [73,104]
  - nodes: [79,104]
  - nodes: [80,104]
  - nodes: [79,105]
  - nodes: [80,106]
  - nodes: [84,105]
  - nodes: [85,105]
  - nodes: [85,106]
  - nodes: [86,106]
  - nodes: [84,107]
  - nodes: [85,108]
  - nodes: [86,109]
  - nodes: [88,107]
  - nodes: [89,107]
  - nodes: [89,108]
  - nodes: [90,108]
  - nodes: [90,109]
  - nodes: [91,109]
  - nodes: [92,94]
  - nodes: [92,95]
  - nodes: [93,96]
  - nodes: [93,97]
  - nodes: [94,95]
  - nodes: [96,97]
  - nodes: [94,98]
  - nodes: [94,99]
  - nodes: [95,99]
  - nodes: [95,100]
  - nodes: [96,101]
  - nodes: [96,102]
  - nodes: [97,102]
  - nodes: [97,103]
  - nodes: [98,99]
  - nodes: [99,100]
  - nodes: [100,101]
  - nodes: [101,102]
  - nodes: [102,103]
  - nodes: [100,104]
  - nodes: [101,104]
  - nodes: [104,105]
  - nodes: [104,106]
  - nodes: [105,106]
  - nodes: [105,107]
  - nodes: [105,108]
  - nodes: [106,108]
  - nodes: [106,109]
  - nodes: [107,108]
  - nodes: [108,109]
  - nodes: [92,110]
  - nodes: [93,111]
  - nodes: [94,110]
  - nodes: [95,110]
  - nodes: [96,111]
  - nodes: [97,111]
  - nodes: [94,112]
  - nodes: [95,113]
  - nodes: [96,115]
  - nodes: [97,116]
  - nodes: [98,112]
  - nodes: [99,112]
  - nodes: [99,113]
  - nodes: [100,113]
  - nodes: [100,114]
  - nodes: [101,114]
  - nodes: [101,115]
  - nodes: [102,115]
  - nodes: [102,116]
  - nodes: [103,116]
  - nodes: [100,117]
  - nodes: [101,118]
  - nodes: [104,117]
  - nodes: [104,118]
  - nodes: [104,119]
  - nodes: [105,119]
  - nodes: [106,119]
  - nodes: [105,120]
  - nodes: [106,121]
  - nodes: [107,120]
  - nodes: [108,120]
  - nodes: [108,121]
  - nodes: [109,121]
  - nodes: [110,112]
  - nodes: [110,113]
  - nodes: [111,115]
  - nodes: [111,116]
  - nodes: [112,113]
  - nodes: [113,114]
  - nodes: [114,115]
  - nodes: [115,116]
  - nodes: [113,117]
  - nodes: [114,117]
  - nodes: [114,118]
  - nodes: [115,118]
  - nodes: [117,118]
  - nodes: [117,119]
  - nodes: [118,119]
  - nodes: [119,120]
  - nodes: [119,121]
  - nodes: [120,121]
  - nodes: [110,122]
  - nodes: [111,125]
  - nodes: [112,122]
  - nodes: [113,122]
  - nodes: [113,123]
  - nodes: [114,123]
  - nodes: [114,124]
  - nodes: [115,124]
  - nodes: [115,125]
  - nodes: [116,125]
  - nodes: [113,126]
  - nodes: [115,127]
  - nodes: [117,126]
  - nodes: [118,127]
  - nodes: [117,128]
  - nodes: [118,129]
  - nodes: [119,128]
  - nodes: [119,129]
  - nodes: [119,130]
  - nodes: [120,130]
  - nodes: [121,130]
  - nodes: [122,123]
  - nodes: [123,124]
  - nodes: [124,125]
  - nodes: [122,126]
  - nodes: [123,126]
  - nodes: [124,127]
  - nodes: [125,127]
  - nodes: [126,128]
  - nodes: [127,129]
  - nodes: [128,129]
  - nodes: [128,130]
  - nodes: [129,130]

# Which beams are sensors
# nodes: [[2, 4], [1, 7]] constructs sensor from node 2 to node 4 and node 1 to 7
# both the sensors are connected 
sensors:
  -
    nodes: [[12,16], [12,13]]
    teensy: 0
  -
    nodes: [[13,10], [13,11], [13,12], [13,16], [13,17], [13,14]]
    teensy: 0
  -
    nodes: [[14,13], [14,17]]
    teensy: 0
  -
    nodes: [[17,13], [17,14], [17,18], [17,22]]
    teensy: 0
  -
    nodes: [[18,17], [18,22]]
    teensy: 0
  -
    nodes: [[22,17], [22,18], [22,23], [22,27], [22,26], [22,21]]
    teensy: 0
  -
    nodes: [[26,22], [26,21]]
    teensy: 0
  -
    nodes: [[21,22], [21,26], [21,25], [21,20]]
    teensy: 0
  -
    nodes: [[20,21], [20,25], [20,24], [20,19], [20,15], [20,16]]
    teensy: 0
  -
    nodes: [[15,20], [15,16]]
    teensy: 0
  -
    nodes: [[16,20], [16,15], [16,12], [16,13]]
    teensy: 0

  -
    nodes: [[32,28], [32,29], [32,31], [32,36], [32,37], [32,33]]
    teensy: 1
  -
    nodes: [[33,29], [33,32], [33,37], [33,38], [33,34], [33,30]]
    teensy: 1
  -
    nodes: [[38,33], [38,37], [38,43], [38,44], [38,39], [38,34]]
    teensy: 1
  -
    nodes: [[37,32], [37,36], [37,42], [37,43], [37,38], [37,33]]
    teensy: 1
  -
    nodes: [[36,31], [36,35], [36,41], [36,42], [36,37], [36,32]]
    teensy: 1
  -
    nodes: [[41,35], [41,40], [41,46], [41,47], [41,42], [41,36]]
    teensy: 1
  -
    nodes: [[42,35], [42,41], [42,47], [42,48], [42,43], [42,37]]
    teensy: 1
  -
    nodes: [[43,37], [43,42], [43,48], [43,49], [43,44], [43,38]]
    teensy: 1
  -
    nodes: [[44,38], [44,43], [44,49], [44,50], [44,45], [44,39]]
    teensy: 1
  -
    nodes: [[50,44], [50,49], [50,54], [50,45]]
    teensy: 1
  -
    nodes: [[49,43], [49,48], [49,53], [49,54], [49,50], [49,44]]
    teensy: 1
  -
    nodes: [[48,42], [48,47], [48,52], [48,53], [48,49], [48,43]]
    teensy: 1
  -
    nodes: [[47,41], [47,46], [47,51], [47,52], [47,48], [47,42]]
    teensy: 1

  -
    nodes: [[60,55], [60,59], [60,65], [60,66], [60,61], [60,56]]
    teensy: 3
  -
    nodes: [[61,56], [61,60], [61,66], [61,67], [61,62], [61,57]]
    teensy: 3
  -
    nodes: [[62,57], [62,61], [62,67], [62,68], [62,63], [62,58]]
    teensy: 3
  -
    nodes: [[68,62], [68,67], [68,74], [68,75], [68,69], [68,63]]
    teensy: 3
  -
    nodes: [[67,61], [67,66], [67,73], [67,74], [67,68], [67,62]]
    teensy: 3
  -
    nodes: [[66,60], [66,65], [66,72], [66,73], [66,67], [66,61]]
    teensy: 3
  -
    nodes: [[65,59], [65,64], [65,71], [65,72], [65,66], [65,60]]
    teensy: 3
  -
    nodes: [[71,64], [71,70], [71,77], [71,78], [71,72], [71,65]]
    teensy: 3
  -
    nodes: [[72,65], [72,71], [72,78], [72,79], [72,73], [72,66]]
    teensy: 4
  -
    nodes: [[73,66], [73,72], [73,79], [73,80], [73,74], [73,67]]
    teensy: 4
  -
    nodes: [[74,67], [74,73], [74,80], [74,81], [74,75], [74,68]]
    teensy: 4
  -
    nodes: [[75,68], [75,74], [75,81], [75,82], [75,76], [75,69]]
    teensy: 4
  -
    nodes: [[81,74], [81,80], [81,86], [81,87], [81,82], [81,75]]
    teensy: 4
  -
    nodes: [[80,73], [80,79], [80,85], [80,86], [80,81], [80,74]]
    teensy: 4
  -
    nodes: [[79,72], [79,78], [79,84], [79,85], [79,80], [79,73]]
    teensy: 4
  -
    nodes: [[78,71], [78,77], [78,83], [78,84], [78,79], [78,72]]
    teensy: 4
  -
    nodes: [[84,78], [84,83], [84,88], [84,89], [84,85], [84,79]]
    teensy: 4
  -
    nodes: [[85,79], [85,84], [85,89], [85,90], [85,86], [85,80]]
    teensy: 4
  -
    nodes: [[86,80], [86,85], [86,90], [86,91], [86,87], [86,81]]
    teensy: 5

  -
    nodes: [[95,94], [95,99], [95,113]]
    teensy: 5
  -
    nodes: [[99,94], [99,95], [99,113]]
    teensy: 5
  -
    nodes: [[96,97], [96,102], [96,115]]
    teensy: 5
  -
    nodes: [[102,97], [102,96], [102,115]]
    teensy: 5
  -
    nodes: [[106,108], [106,105], [106,119]]
    teensy: 5
  -
    nodes: [[105,108], [105,106], [105,119]]
    teensy: 5
  -
    nodes: [[100,101], [100,104]]
    teensy: 5
  -
    nodes: [[101,100], [101,104]]
    teensy: 5
  -
    nodes: [[104,100], [104,101]]
    teensy: 6

  -
    nodes: [[113,117], [113,114]]
    teensy: 6
  -
    nodes: [[114,113], [114,117], [114,118], [114,115]]
    teensy: 6
  -
    nodes: [[115,114], [115,118]]
    teensy: 6
  -
    nodes: [[118,115], [118,114], [118,117], [118,119]]
    teensy: 6
  -
    nodes: [[117,113], [117,114], [117,118], [117,119]]
    teensy: 6
  -
    nodes: [[119,117], [119,118]]
    teensy: 6

# Which nodes have light strips wrapped around
light_nodes: 
  -
    nodes: [12, 13, 14]
    num_leds: [20, 20, 20]
    num_leds_per_meter: 60
    teensy: 0
  -
    nodes: [15, 16, 17]
    num_leds: [20, 20, 20]
    num_leds_per_meter: 60
    teensy: 0
  -
    nodes: [18, 20, 21]
    num_leds: [20, 20, 20]
    num_leds_per_meter: 60
    teensy: 0

  -
    nodes: [22, 25, 26]
    num_leds: [20, 20, 20]
    num_leds_per_meter: 60
    teensy: 1
  -
    nodes: [32, 33, 36]
    num_leds: [20, 20, 20]
    num_leds_per_meter: 60
    teensy: 1
  -
    nodes: [37, 38, 41]
    num_leds: [20, 20, 20]
    num_leds_per_meter: 60
    teensy: 1

  -
    nodes: [42, 43, 44]
    num_leds: [20, 20, 20]
    num_leds_per_meter: 60
    teensy: 2
  -
    nodes: [47, 48, 49]
    num_leds: [20, 20, 20]
    num_leds_per_meter: 60
    teensy: 2
  -
    nodes: [60, 61, 62]
    num_leds: [20, 20, 20]
    num_leds_per_meter: 60
    teensy: 2

  -
    nodes: [65, 66, 67]
    num_leds: [20, 20, 20]
    num_leds_per_meter: 60
    teensy: 3
  -
    nodes: [68, 71, 72]
    num_leds: [20, 20, 20]
    num_leds_per_meter: 60
    teensy: 3
  -
    nodes: [73, 74, 75]
    num_leds: [20, 20, 20]
    num_leds_per_meter: 60
    teensy: 3

  -
    nodes: [78, 79, 80]
    num_leds: [20, 20, 20]
    num_leds_per_meter: 60
    teensy: 4
  -
    nodes: [81, 84, 85]
    num_leds: [20, 20, 20]
    num_leds_per_meter: 60
    teensy: 4
  -
    nodes: [86, 95, 96]
    num_leds: [20, 20, 20]
    num_leds_per_meter: 60
    teensy: 4
 
  -
    nodes: [99, 100, 101]
    num_leds: [20, 20, 20]
    num_leds_per_meter: 60
    teensy: 5
  -
    nodes: [102, 104, 105]
    num_leds: [20, 20, 20]
    num_leds_per_meter: 60
    teensy: 5
  -
    nodes: [106, 113, 114]
    num_leds: [20, 20, 20]
    num_leds_per_meter: 60
    teensy: 5

  -
    nodes: [115, 117]
    num_leds: [20, 20]
    num_leds_per_meter: 60
    teensy: 6
  -
    nodes: [118, 119]
    num_leds: [20, 20]
    num_leds_per_meter: 60
    teensy: 6

block_light_beams:
  -
    nodes: [
    [10,28], [10,28], [10,28], [10,28], [10,28], [10,28], [10,28], [10,28], [10,28], [10,28], [10,28], [10,28], [10,28], [10,28], [10,28], 
    [28,55], [28,55], [28,55], [28,55], [28,55], [28,55], [28,55], [28,55], [28,55], [28,55], [28,55], [28,55], [28,55], [28,55], [28,55], 
    [55,92], [55,92], [55,92], [55,92], [55,92], [55,92], [55,92], [55,92], [55,92], [55,92], [55,92], [55,92], [55,92], [55,92], [55,92],
    [92,110], [92,110], [92,110], [92,110], [92,110], [92,110], [92,110], [92,110], [92,110], [92,110], [92,110], [92,110], [92,110], [92,110], [92,110]]
    centers: [
    0.0333, 0.1, 0.1666, 0.23333, 0.3, 0.3666, 0.4333, 0.5, 0.5666, 0.6333, 0.7, 0.7666, 0.8333, 0.9, 0.9666,  
    0.0333, 0.1, 0.1666, 0.23333, 0.3, 0.3666, 0.4333, 0.5, 0.5666, 0.6333, 0.7, 0.7666, 0.8333, 0.9, 0.9666,  
    0.0333, 0.1, 0.1666, 0.23333, 0.3, 0.3666, 0.4333, 0.5, 0.5666, 0.6333, 0.7, 0.7666, 0.8333, 0.9, 0.9666,  
    0.0333, 0.1, 0.1666, 0.23333, 0.3, 0.3666, 0.4333, 0.5, 0.5666, 0.6333, 0.7, 0.7666, 0.8333, 0.9, 0.9666]  
    num_leds: [
    2, 2, 2, 2, 2, 2, 2, 2, 2, 2, 2, 2, 2, 2, 2,
    2, 2, 2, 2, 2, 2, 2, 2, 2, 2, 2, 2, 2, 2, 2,
    2, 2, 2, 2, 2, 2, 2, 2, 2, 2, 2, 2, 2, 2, 2,
    2, 2, 2, 2, 2, 2, 2, 2, 2, 2, 2, 2, 2, 2, 2]
    num_leds_per_meter: 30
    teensy: 0
  -
    nodes: [
    [19,40], [19,40], [19,40], [19,40], [19,40], [19,40], [19,40], [19,40], [19,40], [19,40], [19,40], [19,40], [19,40], [19,40], [19,40], 
    [40,70], [40,70], [40,70], [40,70], [40,70], [40,70], [40,70], [40,70], [40,70], [40,70], [40,70], [40,70], [40,70], [40,70], [40,70], 
    [70,98], [70,98], [70,98], [70,98], [70,98], [70,98], [70,98], [70,98], [70,98], [70,98], [70,98], [70,98], [70,98], [70,98], [70,98],
    [98,112], [98,112], [98,112], [98,112], [98,112], [98,112], [98,112], [98,112], [98,112], [98,112], [98,112], [98,112], [98,112], [98,112], [98,112]] 
    centers: [
    0.0333, 0.1, 0.1666, 0.23333, 0.3, 0.3666, 0.4333, 0.5, 0.5666, 0.6333, 0.7, 0.7666, 0.8333, 0.9, 0.9666,  
    0.0333, 0.1, 0.1666, 0.23333, 0.3, 0.3666, 0.4333, 0.5, 0.5666, 0.6333, 0.7, 0.7666, 0.8333, 0.9, 0.9666,  
    0.0333, 0.1, 0.1666, 0.23333, 0.3, 0.3666, 0.4333, 0.5, 0.5666, 0.6333, 0.7, 0.7666, 0.8333, 0.9, 0.9666,  
    0.0333, 0.1, 0.1666, 0.23333, 0.3, 0.3666, 0.4333, 0.5, 0.5666, 0.6333, 0.7, 0.7666, 0.8333, 0.9, 0.9666]  
    num_leds: [
    2, 2, 2, 2, 2, 2, 2, 2, 2, 2, 2, 2, 2, 2, 2,
    2, 2, 2, 2, 2, 2, 2, 2, 2, 2, 2, 2, 2, 2, 2,
    2, 2, 2, 2, 2, 2, 2, 2, 2, 2, 2, 2, 2, 2, 2,
    2, 2, 2, 2, 2, 2, 2, 2, 2, 2, 2, 2, 2, 2, 2]
    num_leds_per_meter: 30
    teensy: 1
  -
    nodes: [
    [24,51], [24,51], [24,51], [24,51], [24,51], [24,51], [24,51], [24,51], [24,51], [24,51], [24,51], [24,51], [24,51], [24,51], [24,51], 
    [51,88], [51,88], [51,88], [51,88], [51,88], [51,88], [51,88], [51,88], [51,88], [51,88], [51,88], [51,88], [51,88], [51,88], [51,88],
    [88,107], [88,107], [88,107], [88,107], [88,107], [88,107], [88,107], [88,107], [88,107], [88,107], [88,107], [88,107], [88,107], [88,107], [88,107],
    [107,120], [107,120], [107,120], [107,120], [107,120], [107,120], [107,120], [107,120], [107,120], [107,120], [107,120], [107,120], [107,120], [107,120], [107,120]]
    centers: [
    0.0333, 0.1, 0.1666, 0.23333, 0.3, 0.3666, 0.4333, 0.5, 0.5666, 0.6333, 0.7, 0.7666, 0.8333, 0.9, 0.9666,  
    0.0333, 0.1, 0.1666, 0.23333, 0.3, 0.3666, 0.4333, 0.5, 0.5666, 0.6333, 0.7, 0.7666, 0.8333, 0.9, 0.9666,  
    0.0333, 0.1, 0.1666, 0.23333, 0.3, 0.3666, 0.4333, 0.5, 0.5666, 0.6333, 0.7, 0.7666, 0.8333, 0.9, 0.9666,  
    0.0333, 0.1, 0.1666, 0.23333, 0.3, 0.3666, 0.4333, 0.5, 0.5666, 0.6333, 0.7, 0.7666, 0.8333, 0.9, 0.9666]  
    num_leds: [
    2, 2, 2, 2, 2, 2, 2, 2, 2, 2, 2, 2, 2, 2, 2,
    2, 2, 2, 2, 2, 2, 2, 2, 2, 2, 2, 2, 2, 2, 2,
    2, 2, 2, 2, 2, 2, 2, 2, 2, 2, 2, 2, 2, 2, 2,
    2, 2, 2, 2, 2, 2, 2, 2, 2, 2, 2, 2, 2, 2, 2]
    num_leds_per_meter: 30
    teensy: 2
  -
    nodes: [
    [27,54], [27,54], [27,54], [27,54], [27,54], [27,54], [27,54], [27,54], [27,54], [27,54], [27,54], [27,54], [27,54], [27,54], [27,54],
    [54,91], [54,91], [54,91], [54,91], [54,91], [54,91], [54,91], [54,91], [54,91], [54,91], [54,91], [54,91], [54,91], [54,91], [54,91],
    [91,109], [91,109], [91,109], [91,109], [91,109], [91,109], [91,109], [91,109], [91,109], [91,109], [91,109], [91,109], [91,109], [91,109], [91,109],
    [109,121], [109,121], [109,121], [109,121], [109,121], [109,121], [109,121], [109,121], [109,121], [109,121], [109,121], [109,121], [109,121], [109,121], [109,121]]
    centers: [
    0.0333, 0.1, 0.1666, 0.23333, 0.3, 0.3666, 0.4333, 0.5, 0.5666, 0.6333, 0.7, 0.7666, 0.8333, 0.9, 0.9666,  
    0.0333, 0.1, 0.1666, 0.23333, 0.3, 0.3666, 0.4333, 0.5, 0.5666, 0.6333, 0.7, 0.7666, 0.8333, 0.9, 0.9666,  
    0.0333, 0.1, 0.1666, 0.23333, 0.3, 0.3666, 0.4333, 0.5, 0.5666, 0.6333, 0.7, 0.7666, 0.8333, 0.9, 0.9666,  
    0.0333, 0.1, 0.1666, 0.23333, 0.3, 0.3666, 0.4333, 0.5, 0.5666, 0.6333, 0.7, 0.7666, 0.8333, 0.9, 0.9666]  
    num_leds: [
    2, 2, 2, 2, 2, 2, 2, 2, 2, 2, 2, 2, 2, 2, 2,
    2, 2, 2, 2, 2, 2, 2, 2, 2, 2, 2, 2, 2, 2, 2,
    2, 2, 2, 2, 2, 2, 2, 2, 2, 2, 2, 2, 2, 2, 2,
    2, 2, 2, 2, 2, 2, 2, 2, 2, 2, 2, 2, 2, 2, 2]
    num_leds_per_meter: 30
    teensy: 3
  -
    nodes: [
    [23,45], [23,45], [23,45], [23,45], [23,45], [23,45], [23,45], [23,45], [23,45], [23,45], [23,45], [23,45], [23,45], [23,45], [23,45],
    [45,76], [45,76], [45,76], [45,76], [45,76], [45,76], [45,76], [45,76], [45,76], [45,76], [45,76], [45,76], [45,76], [45,76], [45,76], 
    [76,103], [76,103], [76,103], [76,103], [76,103], [76,103], [76,103], [76,103], [76,103], [76,103], [76,103], [76,103], [76,103], [76,103], [76,103],
    [103,116], [103,116], [103,116], [103,116], [103,116], [103,116], [103,116], [103,116], [103,116], [103,116], [103,116], [103,116], [103,116], [103,116], [103,116]]
    centers: [
    0.0333, 0.1, 0.1666, 0.23333, 0.3, 0.3666, 0.4333, 0.5, 0.5666, 0.6333, 0.7, 0.7666, 0.8333, 0.9, 0.9666,  
    0.0333, 0.1, 0.1666, 0.23333, 0.3, 0.3666, 0.4333, 0.5, 0.5666, 0.6333, 0.7, 0.7666, 0.8333, 0.9, 0.9666,  
    0.0333, 0.1, 0.1666, 0.23333, 0.3, 0.3666, 0.4333, 0.5, 0.5666, 0.6333, 0.7, 0.7666, 0.8333, 0.9, 0.9666,  
    0.0333, 0.1, 0.1666, 0.23333, 0.3, 0.3666, 0.4333, 0.5, 0.5666, 0.6333, 0.7, 0.7666, 0.8333, 0.9, 0.9666]  
    num_leds: [
    2, 2, 2, 2, 2, 2, 2, 2, 2, 2, 2, 2, 2, 2, 2,
    2, 2, 2, 2, 2, 2, 2, 2, 2, 2, 2, 2, 2, 2, 2,
    2, 2, 2, 2, 2, 2, 2, 2, 2, 2, 2, 2, 2, 2, 2,
    2, 2, 2, 2, 2, 2, 2, 2, 2, 2, 2, 2, 2, 2, 2]
    num_leds_per_meter: 30
    teensy: 4
  -
    nodes: [
    [11,30], [11,30], [11,30], [11,30], [11,30], [11,30], [11,30], [11,30], [11,30], [11,30], [11,30], [11,30], [11,30], [11,30], [11,30], 
    [30,58], [30,58], [30,58], [30,58], [30,58], [30,58], [30,58], [30,58], [30,58], [30,58], [30,58], [30,58], [30,58], [30,58], [30,58],
    [58,93], [58,93], [58,93], [58,93], [58,93], [58,93], [58,93], [58,93], [58,93], [58,93], [58,93], [58,93], [58,93], [58,93], [58,93],
    [93,111], [93,111], [93,111], [93,111], [93,111], [93,111], [93,111], [93,111], [93,111], [93,111], [93,111], [93,111], [93,111], [93,111], [93,111]]
    centers: [
    0.0333, 0.1, 0.1666, 0.23333, 0.3, 0.3666, 0.4333, 0.5, 0.5666, 0.6333, 0.7, 0.7666, 0.8333, 0.9, 0.9666,  
    0.0333, 0.1, 0.1666, 0.23333, 0.3, 0.3666, 0.4333, 0.5, 0.5666, 0.6333, 0.7, 0.7666, 0.8333, 0.9, 0.9666,  
    0.0333, 0.1, 0.1666, 0.23333, 0.3, 0.3666, 0.4333, 0.5, 0.5666, 0.6333, 0.7, 0.7666, 0.8333, 0.9, 0.9666,  
    0.0333, 0.1, 0.1666, 0.23333, 0.3, 0.3666, 0.4333, 0.5, 0.5666, 0.6333, 0.7, 0.7666, 0.8333, 0.9, 0.9666]  
    num_leds: [
    2, 2, 2, 2, 2, 2, 2, 2, 2, 2, 2, 2, 2, 2, 2,
    2, 2, 2, 2, 2, 2, 2, 2, 2, 2, 2, 2, 2, 2, 2,
    2, 2, 2, 2, 2, 2, 2, 2, 2, 2, 2, 2, 2, 2, 2,
    2, 2, 2, 2, 2, 2, 2, 2, 2, 2, 2, 2, 2, 2, 2]
    num_leds_per_meter: 30
    teensy: 5

# Which beams have light strips
# nodes: [0, 1] constructs a light strip from node 0 to node 1
#pixel_light_beams:
#  -
#    nodes: [[10,28], [10,28], [11,30], [19,40], [23,45]]
#    centers: [0.25, 0.75, 0.5, 0.5, 0.5]
#    num_leds: [15, 15, 30, 30, 30]
#    num_leds_per_meter: 30
#    teensy: 0
#  -
#    nodes: [[24,51], [27,54], [28,55], [30,58]]
#    centers: [0.5, 0.5, 0.5, 0.5]
#    num_leds: [30, 30, 30, 30]
#    num_leds_per_meter: 30
#    teensy: 1
#  -
#    nodes: [[40,70], [45,76], [51,88], [54,91]]
#    centers: [0.5, 0.5, 0.5, 0.5]
#    num_leds: [30, 30, 30, 30]
#    num_leds_per_meter: 30
#    teensy: 2
#  -
#    nodes: [[58,93], [55,92], [70,98], [76,103]]
#    centers: [0.5, 0.5, 0.5, 0.5]
#    num_leds: [30, 30, 30, 30]
#    num_leds_per_meter: 30
#    teensy: 3
#  -
#    nodes: [[88,107], [91,109], [92,110], [93,111]]
#    centers: [0.5, 0.5, 0.5, 0.5]
#    num_leds: [30, 30, 30, 30]
#    num_leds_per_meter: 30
#    teensy: 4
#  -
#    nodes: [[98,112], [103,116], [107,120], [109,121]]
#    centers: [0.5, 0.5, 0.5, 0.5]
#    num_leds: [30, 30, 30, 30]
#    num_leds_per_meter: 30
#    teensy: 5

# Size of the nodes and color
nodes_size:
  x: 0.1016
  y: 0.1016
  z: 0.1016
nodes_color: [0.8, 0.8, 0.8, 1.0] # r,g,b,a

# Size of the light nodes and color
block_nodes_size:
  x: 0.23
  y: 0.23
  z: 0.23
block_nodes_color: [0.6, 0.6, 0.6, 1.0] # r,g,b,a

# Size of the beams and color
beams_size:
  x: 0.0317
  y: 0.0317
  z: 1.4 
beams_color: [0.9, 0.9, 0.9, 0.7] # r,g,b,a

# Size of the block light beams and color
block_beams_size:
  x: 0.12
  y: 0.12
  z: 0.9 
block_beams_color: [0.8, 0.4, 0.4, 1.0] # r,g,b,a

# Size of the pixel light beams and color
pixel_beams_size:
  x: 0.12
  y: 0.12
  z: 0.9
pixel_beams_color: [0.8, 0.4, 0.4, 1.0] # r,g,b,a

# Size of the sensors and color
sensors_size:
  x: 0.045
  y: 0.045
  z: 0.7
sensors_color: [0.8, 0.8, 0.9, 0.4] # r,g,b,a
avg_sensors_size:
  x: 0.75
  y: 0.75
  z: 0.75
avg_sensors_color: [0.8, 0.8, 0.9, 0.25] # r,g,b,a

panels: [10,11,13, 12,13,16, 13,14,17, 15,16,20, 17,18,22, 19,20,24, 20,21,25, 21,22,26, 22,23,27, 28,29,32, 29,30,33, 31,32,36,32,33,37, 33,34,38, 35,36,41, 36,37,42, 37,38,43, 38,39,44, 40,41,46, 41,42,47, 42,43,48, 43,44,49, 44,45,50, 46,47,51, 48,49,53, 49,50,54, 47,48,52, 37,42,73, 37,43,73, 42,43,73, 55,56,60, 56,57,61, 57,58,62, 59,60,65, 60,61,66, 61,62,67, 62,63,68, 64,65,71, 65,66,72, 66,67,73, 67,68,74, 68,69,75, 70,71,77, 71,72,78, 72,73,79, 73,74,80, 74,75,81, 75,76,82, 77,78,83, 78,79,84, 79,80,85, 80,81,86, 81,82,87, 83,84,88, 84,85,89, 85,86,90, 86,87,91, 94,95,99, 96,97,102, 100,101,104, 105,106,108, 95,99,113, 96,102,115, 105,106,119, 113,114,117, 114,115,118, 117,118,119]
panels_color: [0.9, 0.9, 0.9, 0.4] # r,g,b,a
